
Microsoft Visual Studio Solution File, Format Version 12.00
# Visual Studio Version 17
VisualStudioVersion = 17.2.32616.157
MinimumVisualStudioVersion = 10.0.40219.1
Project("{FAE04EC0-301F-11D3-BF4B-00C04F79EFBC}") = "DotNet.Core.Angular-OpenWeatherMapAPI", "DotNet.Core.Angular-OpenWeatherMapAPI\DotNet.Core.Angular-OpenWeatherMapAPI.csproj", "{2B321A78-07A3-4D11-9146-22BC5A825725}"
EndProject
Global
	GlobalSection(SolutionConfigurationPlatforms) = preSolution
		Debug|Any CPU = Debug|Any CPU
		Release|Any CPU = Release|Any CPU
	EndGlobalSection
	GlobalSection(ProjectConfigurationPlatforms) = postSolution
		{2B321A78-07A3-4D11-9146-22BC5A825725}.Debug|Any CPU.ActiveCfg = Debug|Any CPU
		{2B321A78-07A3-4D11-9146-22BC5A825725}.Debug|Any CPU.Build.0 = Debug|Any CPU
		{2B321A78-07A3-4D11-9146-22BC5A825725}.Release|Any CPU.ActiveCfg = Release|Any CPU
		{2B321A78-07A3-4D11-9146-22BC5A825725}.Release|Any CPU.Build.0 = Release|Any CPU
	EndGlobalSection
	GlobalSection(SolutionProperties) = preSolution
		HideSolutionNode = FALSE
	EndGlobalSection
	GlobalSection(ExtensibilityGlobals) = postSolution
		SolutionGuid = {EAAD3B47-FC5B-4DB6-AE67-00F0767A911E}
	EndGlobalSection
EndGlobal
